
Microsoft Visual Studio Solution File, Format Version 12.00
Project("{FAE04EC0-301F-11D3-BF4B-00C04F79EFBC}") = "Tsts", "Tsts\Tsts.csproj", "{054CB292-A898-4516-9F06-0501CBB9CCF6}"
EndProject
Project("{FAE04EC0-301F-11D3-BF4B-00C04F79EFBC}") = "TstsTests", "TstsTests\TstsTests.csproj", "{0F5B7165-F619-4988-8A13-3AE337CBA145}"
EndProject
Global
	GlobalSection(SolutionConfigurationPlatforms) = preSolution
		Debug|Any CPU = Debug|Any CPU
		Release|Any CPU = Release|Any CPU
	EndGlobalSection
	GlobalSection(ProjectConfigurationPlatforms) = postSolution
		{054CB292-A898-4516-9F06-0501CBB9CCF6}.Debug|Any CPU.ActiveCfg = Debug|Any CPU
		{054CB292-A898-4516-9F06-0501CBB9CCF6}.Debug|Any CPU.Build.0 = Debug|Any CPU
		{054CB292-A898-4516-9F06-0501CBB9CCF6}.Release|Any CPU.ActiveCfg = Release|Any CPU
		{054CB292-A898-4516-9F06-0501CBB9CCF6}.Release|Any CPU.Build.0 = Release|Any CPU
		{0F5B7165-F619-4988-8A13-3AE337CBA145}.Debug|Any CPU.ActiveCfg = Debug|Any CPU
		{0F5B7165-F619-4988-8A13-3AE337CBA145}.Debug|Any CPU.Build.0 = Debug|Any CPU
		{0F5B7165-F619-4988-8A13-3AE337CBA145}.Release|Any CPU.ActiveCfg = Release|Any CPU
		{0F5B7165-F619-4988-8A13-3AE337CBA145}.Release|Any CPU.Build.0 = Release|Any CPU
	EndGlobalSection
EndGlobal
